PODS:
  - Alamofire (4.9.1)
  - Nimble (7.3.4)
  - Quick (1.2.0)
  - RxCocoa (5.0.1):
    - RxRelay (~> 5)
    - RxSwift (~> 5)
  - RxRelay (5.0.1):
    - RxSwift (~> 5)
  - RxSwift (5.0.1)
  - ZZNetworking (0.1.0):
    - Alamofire (~> 4.9.0)
    - RxCocoa (~> 5.0.0)
    - RxSwift (~> 5.0.0)

DEPENDENCIES:
  - Nimble (~> 7.0)
  - Quick (~> 1.2.0)
  - ZZNetworking (from `../`)

SPEC REPOS:
  trunk:
    - Alamofire
    - Nimble
    - Quick
    - RxCocoa
    - RxRelay
    - RxSwift

EXTERNAL SOURCES:
  ZZNetworking:
    :path: "../"

SPEC CHECKSUMS:
  Alamofire: 85e8a02c69d6020a0d734f6054870d7ecb75cf18
  Nimble: 051e3d8912d40138fa5591c78594f95fb172af37
  Quick: 58d203b1c5e27fff7229c4c1ae445ad7069a7a08
  RxCocoa: e741b9749968e8a143e2b787f1dfbff2b63d0a5c
  RxRelay: 89d54507f4fd4d969e6ec1d4bd7f3673640b4640
  RxSwift: e2dc62b366a3adf6a0be44ba9f405efd4c94e0c4
  ZZNetworking: aa95591ca093e94b27b4ecd24e02637ccc1cd0b7

PODFILE CHECKSUM: 1e54e403cb38c2c6cb7d0159877d2b10881be901

COCOAPODS: 1.8.4
